# THIS IS AN AUTOGENERATED FILE. DO NOT EDIT THIS FILE DIRECTLY.
# yarn lockfile v1


"@babel/runtime@^7.9.2":
  version "7.9.2"
  resolved "https://registry.yarnpkg.com/@babel/runtime/-/runtime-7.9.2.tgz#d90df0583a3a252f09aaa619665367bae518db06"
  integrity sha512-NE2DtOdufG7R5vnfQUTehdTfNycfUANEtCa9PssN9O/xmTzP4E08UI797ixaei6hBEVL9BI/PsdJS5x7mWoB9Q==
  dependencies:
    regenerator-runtime "^0.13.4"

events-to-array@^1.0.1:
  version "1.1.2"
  resolved "https://registry.yarnpkg.com/events-to-array/-/events-to-array-1.1.2.tgz#2d41f563e1fe400ed4962fe1a4d5c6a7539df7f6"
  integrity sha1-LUH1Y+H+QA7Uli/hpNXGp1Od9/Y=

minipass@^3.0.0:
  version "3.1.1"
  resolved "https://registry.yarnpkg.com/minipass/-/minipass-3.1.1.tgz#7607ce778472a185ad6d89082aa2070f79cedcd5"
  integrity sha512-UFqVihv6PQgwj8/yTGvl9kPz7xIAY+R5z6XYjRInD3Gk3qx6QGSD6zEcpeG4Dy/lQnv1J6zv8ejV90hyYIKf3w==
  dependencies:
    yallist "^4.0.0"

regenerator-runtime@^0.13.4:
  version "0.13.5"
  resolved "https://registry.yarnpkg.com/regenerator-runtime/-/regenerator-runtime-0.13.5.tgz#d878a1d094b4306d10b9096484b33ebd55e26697"
  integrity sha512-ZS5w8CpKFinUzOwW3c83oPeVXoNsrLsaCoLtJvAClH135j/R77RuymhiSErhm2lKcwSCIpmvIWSbDkIfAqKQlA==

tap-parser@^10.0.1:
  version "10.0.1"
  resolved "https://registry.yarnpkg.com/tap-parser/-/tap-parser-10.0.1.tgz#b63c2500eeef2be8fbf09d512914196d1f12ebec"
  integrity sha512-qdT15H0DoJIi7zOqVXDn9X0gSM68JjNy1w3VemwTJlDnETjbi6SutnqmBfjDJAwkFS79NJ97gZKqie00ZCGmzg==
  dependencies:
    events-to-array "^1.0.1"
    minipass "^3.0.0"
    tap-yaml "^1.0.0"

tap-yaml@^1.0.0:
  version "1.0.0"
  resolved "https://registry.yarnpkg.com/tap-yaml/-/tap-yaml-1.0.0.tgz#4e31443a5489e05ca8bbb3e36cef71b5dec69635"
  integrity sha512-Rxbx4EnrWkYk0/ztcm5u3/VznbyFJpyXO12dDBHKWiDVxy7O2Qw6MRrwO5H6Ww0U5YhRY/4C/VzWmFPhBQc4qQ==
  dependencies:
    yaml "^1.5.0"

yallist@^4.0.0:
  version "4.0.0"
  resolved "https://registry.yarnpkg.com/yallist/-/yallist-4.0.0.tgz#9bb92790d9c0effec63be73519e11a35019a3a72"
  integrity sha512-3wdGidZyq5PB084XLES5TpOSRA3wjXAlIWMhum2kRcv/41Sn2emQ0dycQW4uZXLejwKvg6EsvbdlVL+FYEct7A==

yaml@^1.5.0:
  version "1.9.2"
  resolved "https://registry.yarnpkg.com/yaml/-/yaml-1.9.2.tgz#f0cfa865f003ab707663e4f04b3956957ea564ed"
  integrity sha512-HPT7cGGI0DuRcsO51qC1j9O16Dh1mZ2bnXwsi0jrSpsLz0WxOLSLXfkABVl6bZO629py3CU+OMJtpNHDLB97kg==
  dependencies:
    "@babel/runtime" "^7.9.2"
